
Microsoft Visual Studio Solution File, Format Version 12.00
# Visual Studio Version 16
VisualStudioVersion = 16.0.32228.343
MinimumVisualStudioVersion = 10.0.40219.1
Project("{2150E333-8FDC-42A3-9474-1A3956D46DE8}") = "Class projects", "Class projects", "{37B79D03-A019-46F3-A9AC-53FB7C14724E}"
EndProject
Project("{9A19103F-16F7-4668-BE54-9A1E7A4F7556}") = "BaseClassProject", "BaseClassProject\BaseClassProject.csproj", "{0EC39C9A-CCF6-4BE6-A7BB-F124F2E076C5}"
EndProject
Project("{9A19103F-16F7-4668-BE54-9A1E7A4F7556}") = "Oed.EntityFrameworkCoreHelpers", "Oed.EntityFrameworkCoreHelpers\Oed.EntityFrameworkCoreHelpers.csproj", "{AC1D21EB-7161-4848-BE16-1C8F9CBBCCA3}"
EndProject
Project("{2150E333-8FDC-42A3-9474-1A3956D46DE8}") = "Unit test", "Unit test", "{5D7538D3-BD0E-4AA7-8115-DFDA82A3FEFE}"
EndProject
Project("{9A19103F-16F7-4668-BE54-9A1E7A4F7556}") = "BaseUnitTestProject", "BaseUnitTestProject\BaseUnitTestProject.csproj", "{0B262AAA-792D-4B0B-84F8-960744BEDA28}"
EndProject
Project("{2150E333-8FDC-42A3-9474-1A3956D46DE8}") = "Solution Items", "Solution Items", "{23CB5831-FE44-4214-9D5E-0384327F2F30}"
	ProjectSection(SolutionItems) = preProject
		readme.md = readme.md
	EndProjectSection
EndProject
Project("{9A19103F-16F7-4668-BE54-9A1E7A4F7556}") = "NorthWindLibrary", "NorthWindLibrary\NorthWindLibrary.csproj", "{7117A7B7-6F75-4D08-8D20-A5BB51F8196F}"
EndProject
Project("{2150E333-8FDC-42A3-9474-1A3956D46DE8}") = "Stuff", "Stuff", "{746DE079-2028-46CF-B063-9034D7260F3F}"
EndProject
Project("{9A19103F-16F7-4668-BE54-9A1E7A4F7556}") = "EnvironmentUtility", "EnvironmentUtility\EnvironmentUtility.csproj", "{E4C17FAD-B84C-4383-9E9C-FF93CCA977FC}"
EndProject
Project("{9A19103F-16F7-4668-BE54-9A1E7A4F7556}") = "MockingPeopleLibrary", "MockingPeople\MockingPeopleLibrary.csproj", "{0201969A-8794-49BE-AD63-549CA10A33B8}"
EndProject
Project("{9A19103F-16F7-4668-BE54-9A1E7A4F7556}") = "MockingPeopleFrontEnd", "MockingPeopleFrontEnd\MockingPeopleFrontEnd.csproj", "{3BC3CE66-3493-40D0-8683-C7DBFD3A856C}"
EndProject
Project("{2150E333-8FDC-42A3-9474-1A3956D46DE8}") = "Frontend projects", "Frontend projects", "{0F4FC9A8-0278-4E89-B767-5554B0E1A6D3}"
EndProject
Project("{9A19103F-16F7-4668-BE54-9A1E7A4F7556}") = "ValueGenerationLibrary", "ValueGenerationLibrary\ValueGenerationLibrary.csproj", "{1AC1E739-DDF6-4E29-8A29-2157B047714A}"
EndProject
Project("{9A19103F-16F7-4668-BE54-9A1E7A4F7556}") = "SqlServer.ValueGeneration", "SqlServer.ValueGeneration\SqlServer.ValueGeneration.csproj", "{1E0DC828-0E96-4602-88E5-BF82BE1FA1C2}"
EndProject
Project("{9A19103F-16F7-4668-BE54-9A1E7A4F7556}") = "HasFilterLibrary", "HasFilterLibrary\HasFilterLibrary.csproj", "{5F28C4C1-7D02-49CD-9A9F-1AB9FD162F22}"
EndProject
Project("{9A19103F-16F7-4668-BE54-9A1E7A4F7556}") = "QueryFilterTestProject", "QueryFilterTestProject\QueryFilterTestProject.csproj", "{660DA78B-5632-4BF6-AFC7-F43EFC95CCC9}"
EndProject
Project("{9A19103F-16F7-4668-BE54-9A1E7A4F7556}") = "WorkingWithDates", "WorkingWithDates\WorkingWithDates.csproj", "{F88CA819-CBF0-4972-BBA9-AAC37581C8B7}"
EndProject
Project("{FAE04EC0-301F-11D3-BF4B-00C04F79EFBC}") = "ShadowProperties", "ShadowProperties\ShadowProperties.csproj", "{4DEF3F8B-A77C-4E36-AC38-D4B4657A6F53}"
EndProject
Project("{FAE04EC0-301F-11D3-BF4B-00C04F79EFBC}") = "ShadowPropertiesUnitTestProject", "ShadowPropertiesUnitTestProject\ShadowPropertiesUnitTestProject.csproj", "{DB47BF7D-F1AF-46A7-B0F7-408EED32536C}"
EndProject
Global
	GlobalSection(SolutionConfigurationPlatforms) = preSolution
		Debug|Any CPU = Debug|Any CPU
		Release|Any CPU = Release|Any CPU
	EndGlobalSection
	GlobalSection(ProjectConfigurationPlatforms) = postSolution
		{0EC39C9A-CCF6-4BE6-A7BB-F124F2E076C5}.Debug|Any CPU.ActiveCfg = Debug|Any CPU
		{0EC39C9A-CCF6-4BE6-A7BB-F124F2E076C5}.Debug|Any CPU.Build.0 = Debug|Any CPU
		{0EC39C9A-CCF6-4BE6-A7BB-F124F2E076C5}.Release|Any CPU.ActiveCfg = Release|Any CPU
		{0EC39C9A-CCF6-4BE6-A7BB-F124F2E076C5}.Release|Any CPU.Build.0 = Release|Any CPU
		{AC1D21EB-7161-4848-BE16-1C8F9CBBCCA3}.Debug|Any CPU.ActiveCfg = Debug|Any CPU
		{AC1D21EB-7161-4848-BE16-1C8F9CBBCCA3}.Debug|Any CPU.Build.0 = Debug|Any CPU
		{AC1D21EB-7161-4848-BE16-1C8F9CBBCCA3}.Release|Any CPU.ActiveCfg = Release|Any CPU
		{AC1D21EB-7161-4848-BE16-1C8F9CBBCCA3}.Release|Any CPU.Build.0 = Release|Any CPU
		{0B262AAA-792D-4B0B-84F8-960744BEDA28}.Debug|Any CPU.ActiveCfg = Debug|Any CPU
		{0B262AAA-792D-4B0B-84F8-960744BEDA28}.Debug|Any CPU.Build.0 = Debug|Any CPU
		{0B262AAA-792D-4B0B-84F8-960744BEDA28}.Release|Any CPU.ActiveCfg = Release|Any CPU
		{0B262AAA-792D-4B0B-84F8-960744BEDA28}.Release|Any CPU.Build.0 = Release|Any CPU
		{7117A7B7-6F75-4D08-8D20-A5BB51F8196F}.Debug|Any CPU.ActiveCfg = Debug|Any CPU
		{7117A7B7-6F75-4D08-8D20-A5BB51F8196F}.Debug|Any CPU.Build.0 = Debug|Any CPU
		{7117A7B7-6F75-4D08-8D20-A5BB51F8196F}.Release|Any CPU.ActiveCfg = Release|Any CPU
		{7117A7B7-6F75-4D08-8D20-A5BB51F8196F}.Release|Any CPU.Build.0 = Release|Any CPU
		{E4C17FAD-B84C-4383-9E9C-FF93CCA977FC}.Debug|Any CPU.ActiveCfg = Debug|Any CPU
		{E4C17FAD-B84C-4383-9E9C-FF93CCA977FC}.Debug|Any CPU.Build.0 = Debug|Any CPU
		{E4C17FAD-B84C-4383-9E9C-FF93CCA977FC}.Release|Any CPU.ActiveCfg = Release|Any CPU
		{E4C17FAD-B84C-4383-9E9C-FF93CCA977FC}.Release|Any CPU.Build.0 = Release|Any CPU
		{0201969A-8794-49BE-AD63-549CA10A33B8}.Debug|Any CPU.ActiveCfg = Debug|Any CPU
		{0201969A-8794-49BE-AD63-549CA10A33B8}.Debug|Any CPU.Build.0 = Debug|Any CPU
		{0201969A-8794-49BE-AD63-549CA10A33B8}.Release|Any CPU.ActiveCfg = Release|Any CPU
		{0201969A-8794-49BE-AD63-549CA10A33B8}.Release|Any CPU.Build.0 = Release|Any CPU
		{3BC3CE66-3493-40D0-8683-C7DBFD3A856C}.Debug|Any CPU.ActiveCfg = Debug|Any CPU
		{3BC3CE66-3493-40D0-8683-C7DBFD3A856C}.Debug|Any CPU.Build.0 = Debug|Any CPU
		{3BC3CE66-3493-40D0-8683-C7DBFD3A856C}.Release|Any CPU.ActiveCfg = Release|Any CPU
		{3BC3CE66-3493-40D0-8683-C7DBFD3A856C}.Release|Any CPU.Build.0 = Release|Any CPU
		{1AC1E739-DDF6-4E29-8A29-2157B047714A}.Debug|Any CPU.ActiveCfg = Debug|Any CPU
		{1AC1E739-DDF6-4E29-8A29-2157B047714A}.Debug|Any CPU.Build.0 = Debug|Any CPU
		{1AC1E739-DDF6-4E29-8A29-2157B047714A}.Release|Any CPU.ActiveCfg = Release|Any CPU
		{1AC1E739-DDF6-4E29-8A29-2157B047714A}.Release|Any CPU.Build.0 = Release|Any CPU
		{1E0DC828-0E96-4602-88E5-BF82BE1FA1C2}.Debug|Any CPU.ActiveCfg = Debug|Any CPU
		{1E0DC828-0E96-4602-88E5-BF82BE1FA1C2}.Debug|Any CPU.Build.0 = Debug|Any CPU
		{1E0DC828-0E96-4602-88E5-BF82BE1FA1C2}.Release|Any CPU.ActiveCfg = Release|Any CPU
		{1E0DC828-0E96-4602-88E5-BF82BE1FA1C2}.Release|Any CPU.Build.0 = Release|Any CPU
		{5F28C4C1-7D02-49CD-9A9F-1AB9FD162F22}.Debug|Any CPU.ActiveCfg = Debug|Any CPU
		{5F28C4C1-7D02-49CD-9A9F-1AB9FD162F22}.Debug|Any CPU.Build.0 = Debug|Any CPU
		{5F28C4C1-7D02-49CD-9A9F-1AB9FD162F22}.Release|Any CPU.ActiveCfg = Release|Any CPU
		{5F28C4C1-7D02-49CD-9A9F-1AB9FD162F22}.Release|Any CPU.Build.0 = Release|Any CPU
		{660DA78B-5632-4BF6-AFC7-F43EFC95CCC9}.Debug|Any CPU.ActiveCfg = Debug|Any CPU
		{660DA78B-5632-4BF6-AFC7-F43EFC95CCC9}.Debug|Any CPU.Build.0 = Debug|Any CPU
		{660DA78B-5632-4BF6-AFC7-F43EFC95CCC9}.Release|Any CPU.ActiveCfg = Release|Any CPU
		{660DA78B-5632-4BF6-AFC7-F43EFC95CCC9}.Release|Any CPU.Build.0 = Release|Any CPU
		{F88CA819-CBF0-4972-BBA9-AAC37581C8B7}.Debug|Any CPU.ActiveCfg = Debug|Any CPU
		{F88CA819-CBF0-4972-BBA9-AAC37581C8B7}.Debug|Any CPU.Build.0 = Debug|Any CPU
		{F88CA819-CBF0-4972-BBA9-AAC37581C8B7}.Release|Any CPU.ActiveCfg = Release|Any CPU
		{F88CA819-CBF0-4972-BBA9-AAC37581C8B7}.Release|Any CPU.Build.0 = Release|Any CPU
		{4DEF3F8B-A77C-4E36-AC38-D4B4657A6F53}.Debug|Any CPU.ActiveCfg = Debug|Any CPU
		{4DEF3F8B-A77C-4E36-AC38-D4B4657A6F53}.Debug|Any CPU.Build.0 = Debug|Any CPU
		{4DEF3F8B-A77C-4E36-AC38-D4B4657A6F53}.Release|Any CPU.ActiveCfg = Release|Any CPU
		{4DEF3F8B-A77C-4E36-AC38-D4B4657A6F53}.Release|Any CPU.Build.0 = Release|Any CPU
		{DB47BF7D-F1AF-46A7-B0F7-408EED32536C}.Debug|Any CPU.ActiveCfg = Debug|Any CPU
		{DB47BF7D-F1AF-46A7-B0F7-408EED32536C}.Debug|Any CPU.Build.0 = Debug|Any CPU
		{DB47BF7D-F1AF-46A7-B0F7-408EED32536C}.Release|Any CPU.ActiveCfg = Release|Any CPU
		{DB47BF7D-F1AF-46A7-B0F7-408EED32536C}.Release|Any CPU.Build.0 = Release|Any CPU
	EndGlobalSection
	GlobalSection(SolutionProperties) = preSolution
		HideSolutionNode = FALSE
	EndGlobalSection
	GlobalSection(NestedProjects) = preSolution
		{0EC39C9A-CCF6-4BE6-A7BB-F124F2E076C5} = {37B79D03-A019-46F3-A9AC-53FB7C14724E}
		{AC1D21EB-7161-4848-BE16-1C8F9CBBCCA3} = {37B79D03-A019-46F3-A9AC-53FB7C14724E}
		{0B262AAA-792D-4B0B-84F8-960744BEDA28} = {5D7538D3-BD0E-4AA7-8115-DFDA82A3FEFE}
		{7117A7B7-6F75-4D08-8D20-A5BB51F8196F} = {37B79D03-A019-46F3-A9AC-53FB7C14724E}
		{E4C17FAD-B84C-4383-9E9C-FF93CCA977FC} = {746DE079-2028-46CF-B063-9034D7260F3F}
		{0201969A-8794-49BE-AD63-549CA10A33B8} = {37B79D03-A019-46F3-A9AC-53FB7C14724E}
		{3BC3CE66-3493-40D0-8683-C7DBFD3A856C} = {0F4FC9A8-0278-4E89-B767-5554B0E1A6D3}
		{1AC1E739-DDF6-4E29-8A29-2157B047714A} = {37B79D03-A019-46F3-A9AC-53FB7C14724E}
		{1E0DC828-0E96-4602-88E5-BF82BE1FA1C2} = {0F4FC9A8-0278-4E89-B767-5554B0E1A6D3}
		{5F28C4C1-7D02-49CD-9A9F-1AB9FD162F22} = {37B79D03-A019-46F3-A9AC-53FB7C14724E}
		{660DA78B-5632-4BF6-AFC7-F43EFC95CCC9} = {5D7538D3-BD0E-4AA7-8115-DFDA82A3FEFE}
		{F88CA819-CBF0-4972-BBA9-AAC37581C8B7} = {0F4FC9A8-0278-4E89-B767-5554B0E1A6D3}
		{4DEF3F8B-A77C-4E36-AC38-D4B4657A6F53} = {37B79D03-A019-46F3-A9AC-53FB7C14724E}
		{DB47BF7D-F1AF-46A7-B0F7-408EED32536C} = {5D7538D3-BD0E-4AA7-8115-DFDA82A3FEFE}
	EndGlobalSection
	GlobalSection(ExtensibilityGlobals) = postSolution
		SolutionGuid = {B5F9B706-C930-4621-938A-6437833B7F88}
	EndGlobalSection
EndGlobal
